# This file is automatically @generated by Poetry 1.7.1 and should not be changed by hand.

[[package]]
name = "cupy-cuda12x"
version = "13.0.0"
description = "CuPy: NumPy & SciPy for GPU"
optional = false
python-versions = ">=3.9"
files = [
    {file = "cupy_cuda12x-13.0.0-cp310-cp310-manylinux2014_aarch64.whl", hash = "sha256:a59a271c2e7bb08eb5afc34ce69fbfd3ee1b9700bafbdf43e7e994b15ddc670e"},
    {file = "cupy_cuda12x-13.0.0-cp310-cp310-manylinux2014_x86_64.whl", hash = "sha256:79ff0786dce91f3e940f1388ae370e3e612ac09d4578362805047da0845377ab"},
    {file = "cupy_cuda12x-13.0.0-cp310-cp310-win_amd64.whl", hash = "sha256:9387713644d4951a5bd381db213c6410add212a7ebee6631c03ca543e1ab3053"},
    {file = "cupy_cuda12x-13.0.0-cp311-cp311-manylinux2014_aarch64.whl", hash = "sha256:6fd9568e7d491c035199ac3f6053c648a8774d9a539816a3232fbd6401bd1553"},
    {file = "cupy_cuda12x-13.0.0-cp311-cp311-manylinux2014_x86_64.whl", hash = "sha256:0517b85ab818dfa93cc403149dae38ccc71f8c760ddff74c87d64d9893e77eb8"},
    {file = "cupy_cuda12x-13.0.0-cp311-cp311-win_amd64.whl", hash = "sha256:1b3b33f3d10cf4bc11c9c257b4020529efb8b15da5bb8a7a4824d9321a7ebd7e"},
    {file = "cupy_cuda12x-13.0.0-cp312-cp312-manylinux2014_aarch64.whl", hash = "sha256:ef4c7e0ccb0e77c0f76bc04c849470970102c0889207aa53c8fcc12532dac693"},
    {file = "cupy_cuda12x-13.0.0-cp312-cp312-manylinux2014_x86_64.whl", hash = "sha256:976d69b35c76f10039b4eb21fc8d75e3072f110e06df12a800baae428db6c2d2"},
    {file = "cupy_cuda12x-13.0.0-cp312-cp312-win_amd64.whl", hash = "sha256:61afe1085487a06e804febdbef8497e5d69cf25f0be095288f4e595133b5cc96"},
    {file = "cupy_cuda12x-13.0.0-cp39-cp39-manylinux2014_aarch64.whl", hash = "sha256:dde8ce3f48899e9f5873258a7c88ae9c6b8b84d0c27b5dec259d19890d7c84c5"},
    {file = "cupy_cuda12x-13.0.0-cp39-cp39-manylinux2014_x86_64.whl", hash = "sha256:00947c4f5362453eaec27b43488962829fbcba6cbc843005b75c696808cd62e2"},
    {file = "cupy_cuda12x-13.0.0-cp39-cp39-win_amd64.whl", hash = "sha256:5e855e2ee95328c8884119aa935880d4ae5a9222f93e3c46a94e987943a31cce"},
]

[package.dependencies]
fastrlock = ">=0.5"
numpy = ">=1.22,<1.29"

[package.extras]
all = ["Cython (>=0.29.22,<3)", "optuna (>=2.0)", "scipy (>=1.7,<1.14)"]
stylecheck = ["autopep8 (==1.5.5)", "flake8 (==3.8.4)", "mypy (==1.4.1)", "pbr (==5.5.1)", "pycodestyle (==2.6.0)", "types-setuptools (==57.4.14)"]
test = ["hypothesis (>=6.37.2,<6.55.0)", "pytest (>=7.2)"]

[[package]]
name = "fastrlock"
version = "0.8.2"
description = "Fast, re-entrant optimistic lock implemented in Cython"
optional = false
python-versions = "*"
files = [
    {file = "fastrlock-0.8.2-cp27-cp27m-macosx_10_15_x86_64.whl", hash = "sha256:94e348c72a1fd1f8191f25ea056448e4f5a87b8fbf005b39d290dcb0581a48cd"},
    {file = "fastrlock-0.8.2-cp27-cp27m-manylinux_2_5_i686.manylinux1_i686.whl", hash = "sha256:2d5595903444c854b99c42122b87edfe8a37cd698a4eae32f4fd1d2a7b6c115d"},
    {file = "fastrlock-0.8.2-cp27-cp27m-manylinux_2_5_x86_64.manylinux1_x86_64.whl", hash = "sha256:e4bbde174a0aff5f6eeba75cf8c4c5d2a316316bc21f03a0bddca0fc3659a6f3"},
    {file = "fastrlock-0.8.2-cp27-cp27mu-manylinux_2_5_i686.manylinux1_i686.whl", hash = "sha256:7a2ccaf88ac0db153e84305d1ef0aa138cea82c6a88309066f6eaa3bc98636cd"},
    {file = "fastrlock-0.8.2-cp27-cp27mu-manylinux_2_5_x86_64.manylinux1_x86_64.whl", hash = "sha256:31a27a2edf482df72b91fe6c6438314d2c65290aa7becc55589d156c9b91f0da"},
    {file = "fastrlock-0.8.2-cp310-cp310-macosx_11_0_x86_64.whl", hash = "sha256:e9904b5b37c3e5bb4a245c56bc4b7e497da57ffb8528f4fc39af9dcb168ee2e1"},
    {file = "fastrlock-0.8.2-cp310-cp310-manylinux_2_17_aarch64.manylinux2014_aarch64.manylinux_2_24_aarch64.whl", hash = "sha256:43a241655e83e4603a152192cf022d5ca348c2f4e56dfb02e5c9c4c1a32f9cdb"},
    {file = "fastrlock-0.8.2-cp310-cp310-manylinux_2_17_aarch64.manylinux2014_aarch64.manylinux_2_28_aarch64.whl", hash = "sha256:9121a894d74e65557e47e777060a495ab85f4b903e80dd73a3c940ba042920d7"},
    {file = "fastrlock-0.8.2-cp310-cp310-manylinux_2_5_i686.manylinux1_i686.manylinux_2_24_i686.whl", hash = "sha256:11bbbbc526363955aeddb9eec4cee2a0012322b7b2f15b54f44454fcf4fd398a"},
    {file = "fastrlock-0.8.2-cp310-cp310-manylinux_2_5_x86_64.manylinux1_x86_64.manylinux_2_24_x86_64.whl", hash = "sha256:27786c62a400e282756ae1b090bcd7cfa35f28270cff65a9e7b27a5327a32561"},
    {file = "fastrlock-0.8.2-cp310-cp310-manylinux_2_5_x86_64.manylinux1_x86_64.manylinux_2_28_x86_64.whl", hash = "sha256:08315bde19d0c2e6b06593d5a418be3dc8f9b1ee721afa96867b9853fceb45cf"},
    {file = "fastrlock-0.8.2-cp310-cp310-musllinux_1_1_aarch64.whl", hash = "sha256:e8b49b5743ede51e0bcf6805741f39f5e0e0fd6a172ba460cb39e3097ba803bb"},
    {file = "fastrlock-0.8.2-cp310-cp310-musllinux_1_1_x86_64.whl", hash = "sha256:b443e73a4dfc7b6e0800ea4c13567b9694358e86f53bb2612a51c9e727cac67b"},
    {file = "fastrlock-0.8.2-cp310-cp310-win_amd64.whl", hash = "sha256:b3853ed4ce522598dc886160a7bab432a093051af85891fa2f5577c1dcac8ed6"},
    {file = "fastrlock-0.8.2-cp311-cp311-macosx_10_15_universal2.whl", hash = "sha256:790fc19bccbd39426060047e53629f171a44745613bf360a045e9f9c8c4a2cea"},
    {file = "fastrlock-0.8.2-cp311-cp311-manylinux_2_17_aarch64.manylinux2014_aarch64.manylinux_2_24_aarch64.whl", hash = "sha256:dbdce852e6bb66e1b8c36679d482971d69d93acf1785657522e51b7de30c3356"},
    {file = "fastrlock-0.8.2-cp311-cp311-manylinux_2_17_aarch64.manylinux2014_aarch64.manylinux_2_28_aarch64.whl", hash = "sha256:d47713ffe6d4a627fbf078be9836a95ac106b4a0543e3841572c91e292a5d885"},
    {file = "fastrlock-0.8.2-cp311-cp311-manylinux_2_5_i686.manylinux1_i686.manylinux_2_24_i686.whl", hash = "sha256:ea96503b918fceaf40443182742b8964d47b65c5ebdea532893cb9479620000c"},
    {file = "fastrlock-0.8.2-cp311-cp311-manylinux_2_5_x86_64.manylinux1_x86_64.manylinux_2_24_x86_64.whl", hash = "sha256:c6bffa978793bea5e1b00e677062e53a62255439339591b70e209fa1552d5ee0"},
    {file = "fastrlock-0.8.2-cp311-cp311-manylinux_2_5_x86_64.manylinux1_x86_64.manylinux_2_28_x86_64.whl", hash = "sha256:75c07726c8b1a52147fd7987d6baaa318c5dced1416c3f25593e40f56e10755b"},
    {file = "fastrlock-0.8.2-cp311-cp311-musllinux_1_1_aarch64.whl", hash = "sha256:88f079335e9da631efa64486c8207564a7bcd0c00526bb9e842e9d5b7e50a6cc"},
    {file = "fastrlock-0.8.2-cp311-cp311-musllinux_1_1_x86_64.whl", hash = "sha256:4fb2e77ff04bc4beb71d63c8e064f052ce5a6ea1e001d528d4d7f4b37d736f2e"},
    {file = "fastrlock-0.8.2-cp311-cp311-win_amd64.whl", hash = "sha256:b4c9083ea89ab236b06e9ef2263971db3b4b507195fc7d5eecab95828dcae325"},
    {file = "fastrlock-0.8.2-cp312-cp312-macosx_10_15_universal2.whl", hash = "sha256:98195866d3a9949915935d40a88e4f1c166e82e378f622c88025f2938624a90a"},
    {file = "fastrlock-0.8.2-cp312-cp312-manylinux_2_17_aarch64.manylinux2014_aarch64.manylinux_2_28_aarch64.whl", hash = "sha256:b22ea9bf5f9fad2b0077e944a7813f91593a4f61adf8faf734a70aed3f2b3a40"},
    {file = "fastrlock-0.8.2-cp312-cp312-manylinux_2_5_x86_64.manylinux1_x86_64.manylinux_2_28_x86_64.whl", hash = "sha256:dcc1bf0ac8a194313cf6e645e300a8a379674ceed8e0b1e910a2de3e3c28989e"},
    {file = "fastrlock-0.8.2-cp312-cp312-musllinux_1_1_aarch64.whl", hash = "sha256:a3dcc876050b8f5cbc0ee84ef1e7f0c1dfe7c148f10098828bc4403683c33f10"},
    {file = "fastrlock-0.8.2-cp312-cp312-musllinux_1_1_x86_64.whl", hash = "sha256:685e656048b59d8dfde8c601f188ad53a4d719eb97080cafc8696cda6d75865e"},
    {file = "fastrlock-0.8.2-cp312-cp312-win_amd64.whl", hash = "sha256:fb5363cf0fddd9b50525ddbf64a1e1b28ec4c6dfb28670a940cb1cf988a6786b"},
    {file = "fastrlock-0.8.2-cp35-cp35m-macosx_10_15_x86_64.whl", hash = "sha256:a74f5a92fa6e51c4f3c69b29c4662088b97be12f40652a21109605a175c81824"},
    {file = "fastrlock-0.8.2-cp35-cp35m-manylinux_2_5_i686.manylinux1_i686.whl", hash = "sha256:ccf39ad5702e33e4d335b48ef9d56e21619b529b7f7471b5211419f380329b62"},
    {file = "fastrlock-0.8.2-cp35-cp35m-manylinux_2_5_x86_64.manylinux1_x86_64.whl", hash = "sha256:66f2662c640bb71a1016a031eea6eef9d25c2bcdf7ffd1d1ddc5a58f9a1ced04"},
    {file = "fastrlock-0.8.2-cp36-cp36m-macosx_10_15_x86_64.whl", hash = "sha256:17734e2e5af4c07ddb0fb10bd484e062c22de3be6b67940b9cc6ec2f18fa61ba"},
    {file = "fastrlock-0.8.2-cp36-cp36m-manylinux_2_17_aarch64.manylinux2014_aarch64.manylinux_2_24_aarch64.whl", hash = "sha256:ab91b0c36e95d42e1041a4907e3eefd06c482d53af3c7a77be7e214cc7cd4a63"},
    {file = "fastrlock-0.8.2-cp36-cp36m-manylinux_2_17_aarch64.manylinux2014_aarch64.manylinux_2_28_aarch64.whl", hash = "sha256:b32fdf874868326351a75b1e4c02f97e802147119ae44c52d3d9da193ec34f5b"},
    {file = "fastrlock-0.8.2-cp36-cp36m-manylinux_2_5_i686.manylinux1_i686.manylinux_2_24_i686.whl", hash = "sha256:2074548a335fcf7d19ebb18d9208da9e33b06f745754466a7e001d2b1c58dd19"},
    {file = "fastrlock-0.8.2-cp36-cp36m-manylinux_2_5_i686.manylinux1_i686.whl", hash = "sha256:4fb04442b6d1e2b36c774919c6bcbe3339c61b337261d4bd57e27932589095af"},
    {file = "fastrlock-0.8.2-cp36-cp36m-manylinux_2_5_x86_64.manylinux1_x86_64.manylinux_2_24_x86_64.whl", hash = "sha256:1fed2f4797ad68e9982038423018cf08bec5f4ce9fed63a94a790773ed6a795c"},
    {file = "fastrlock-0.8.2-cp36-cp36m-manylinux_2_5_x86_64.manylinux1_x86_64.manylinux_2_28_x86_64.whl", hash = "sha256:e380ec4e6d8b26e389713995a43cb7fe56baea2d25fe073d4998c4821a026211"},
    {file = "fastrlock-0.8.2-cp36-cp36m-manylinux_2_5_x86_64.manylinux1_x86_64.whl", hash = "sha256:25945f962c7bd808415cfde3da624d4399d4ea71ed8918538375f16bceb79e1c"},
    {file = "fastrlock-0.8.2-cp36-cp36m-musllinux_1_1_aarch64.whl", hash = "sha256:2c1719ddc8218b01e82fb2e82e8451bd65076cb96d7bef4477194bbb4305a968"},
    {file = "fastrlock-0.8.2-cp36-cp36m-musllinux_1_1_x86_64.whl", hash = "sha256:5460c5ee6ced6d61ec8cd2324ebbe793a4960c4ffa2131ffff480e3b61c99ec5"},
    {file = "fastrlock-0.8.2-cp36-cp36m-win_amd64.whl", hash = "sha256:33145acbad8317584cd64588131c7e1e286beef6280c0009b4544c91fce171d2"},
    {file = "fastrlock-0.8.2-cp37-cp37m-manylinux_2_17_aarch64.manylinux2014_aarch64.manylinux_2_24_aarch64.whl", hash = "sha256:59344c1d46b7dec97d3f22f1cc930fafe8980b3c5bc9c9765c56738a5f1559e4"},
    {file = "fastrlock-0.8.2-cp37-cp37m-manylinux_2_17_aarch64.manylinux2014_aarch64.manylinux_2_28_aarch64.whl", hash = "sha256:b2a1c354f13f22b737621d914f3b4a8434ae69d3027a775e94b3e671756112f9"},
    {file = "fastrlock-0.8.2-cp37-cp37m-manylinux_2_5_i686.manylinux1_i686.manylinux_2_24_i686.whl", hash = "sha256:cf81e0278b645004388873e0a1f9e3bc4c9ab8c18e377b14ed1a544be4b18c9a"},
    {file = "fastrlock-0.8.2-cp37-cp37m-manylinux_2_5_i686.manylinux1_i686.whl", hash = "sha256:1b15430b93d7eb3d56f6ff690d2ebecb79ed0e58248427717eba150a508d1cd7"},
    {file = "fastrlock-0.8.2-cp37-cp37m-manylinux_2_5_x86_64.manylinux1_x86_64.manylinux_2_24_x86_64.whl", hash = "sha256:067edb0a0805bf61e17a251d5046af59f6e9d2b8ad01222e0ef7a0b7937d5548"},
    {file = "fastrlock-0.8.2-cp37-cp37m-manylinux_2_5_x86_64.manylinux1_x86_64.manylinux_2_28_x86_64.whl", hash = "sha256:eb31fe390f03f7ae886dcc374f1099ec88526631a4cb891d399b68181f154ff0"},
    {file = "fastrlock-0.8.2-cp37-cp37m-manylinux_2_5_x86_64.manylinux1_x86_64.whl", hash = "sha256:643e1e65b4f5b284427e61a894d876d10459820e93aa1e724dfb415117be24e0"},
    {file = "fastrlock-0.8.2-cp37-cp37m-musllinux_1_1_aarch64.whl", hash = "sha256:5dfb78dd600a12f23fc0c3ec58f81336229fdc74501ecf378d1ce5b3f2f313ea"},
    {file = "fastrlock-0.8.2-cp37-cp37m-musllinux_1_1_x86_64.whl", hash = "sha256:b8ca0fe21458457077e4cb2d81e1ebdb146a00b3e9e2db6180a773f7ea905032"},
    {file = "fastrlock-0.8.2-cp37-cp37m-win_amd64.whl", hash = "sha256:d918dfe473291e8bfd8e13223ea5cb9b317bd9f50c280923776c377f7c64b428"},
    {file = "fastrlock-0.8.2-cp38-cp38-manylinux_2_17_aarch64.manylinux2014_aarch64.manylinux_2_24_aarch64.whl", hash = "sha256:c393af77c659a38bffbca215c0bcc8629ba4299568308dd7e4ff65d62cabed39"},
    {file = "fastrlock-0.8.2-cp38-cp38-manylinux_2_17_aarch64.manylinux2014_aarch64.manylinux_2_28_aarch64.whl", hash = "sha256:73426f5eb2ecc10626c67cf86bd0af9e00d53e80e5c67d5ce8e18376d6abfa09"},
    {file = "fastrlock-0.8.2-cp38-cp38-manylinux_2_5_i686.manylinux1_i686.manylinux_2_24_i686.whl", hash = "sha256:320fd55bafee3eb069cfb5d6491f811a912758387ef2193840e2663e80e16f48"},
    {file = "fastrlock-0.8.2-cp38-cp38-manylinux_2_5_i686.manylinux1_i686.whl", hash = "sha256:8c1c91a68926421f5ccbc82c85f83bd3ba593b121a46a1b9a554b3f0dd67a4bf"},
    {file = "fastrlock-0.8.2-cp38-cp38-manylinux_2_5_x86_64.manylinux1_x86_64.manylinux_2_24_x86_64.whl", hash = "sha256:ad1bc61c7f6b0e58106aaab034916b6cb041757f708b07fbcdd9d6e1ac629225"},
    {file = "fastrlock-0.8.2-cp38-cp38-manylinux_2_5_x86_64.manylinux1_x86_64.manylinux_2_28_x86_64.whl", hash = "sha256:87f4e01b042c84e6090dbc4fbe3415ddd69f6bc0130382323f9d3f1b8dd71b46"},
    {file = "fastrlock-0.8.2-cp38-cp38-manylinux_2_5_x86_64.manylinux1_x86_64.whl", hash = "sha256:d34546ad2e4a480b94b6797bcc5a322b3c705c4c74c3e4e545c4a3841c1b2d59"},
    {file = "fastrlock-0.8.2-cp38-cp38-musllinux_1_1_aarch64.whl", hash = "sha256:ebb32d776b61acd49f859a1d16b9e3d84e7b46d0d92aebd58acd54dc38e96664"},
    {file = "fastrlock-0.8.2-cp38-cp38-musllinux_1_1_x86_64.whl", hash = "sha256:30bdbe4662992348132d03996700e1cf910d141d629179b967b146a22942264e"},
    {file = "fastrlock-0.8.2-cp38-cp38-win_amd64.whl", hash = "sha256:07ed3c7b3867c05a3d6be4ced200c7767000f3431b9be6da66972822dd86e8be"},
    {file = "fastrlock-0.8.2-cp39-cp39-macosx_11_0_x86_64.whl", hash = "sha256:ddf5d247f686aec853ddcc9a1234bfcc6f57b0a0670d2ad82fc25d8ae7e6a15f"},
    {file = "fastrlock-0.8.2-cp39-cp39-manylinux_2_17_aarch64.manylinux2014_aarch64.manylinux_2_24_aarch64.whl", hash = "sha256:7269bb3fc15587b0c191eecd95831d771a7d80f0c48929e560806b038ff3066c"},
    {file = "fastrlock-0.8.2-cp39-cp39-manylinux_2_17_aarch64.manylinux2014_aarch64.manylinux_2_28_aarch64.whl", hash = "sha256:adcb9e77aa132cc6c9de2ffe7cf880a20aa8cdba21d367d1da1a412f57bddd5d"},
    {file = "fastrlock-0.8.2-cp39-cp39-manylinux_2_5_i686.manylinux1_i686.manylinux_2_24_i686.whl", hash = "sha256:a3b8b5d2935403f1b4b25ae324560e94b59593a38c0d2e7b6c9872126a9622ed"},
    {file = "fastrlock-0.8.2-cp39-cp39-manylinux_2_5_i686.manylinux1_i686.whl", hash = "sha256:2587cedbb36c7988e707d83f0f1175c1f882f362b5ebbee25d70218ea33d220d"},
    {file = "fastrlock-0.8.2-cp39-cp39-manylinux_2_5_x86_64.manylinux1_x86_64.manylinux_2_24_x86_64.whl", hash = "sha256:9af691a9861027181d4de07ed74f0aee12a9650ac60d0a07f4320bff84b5d95f"},
    {file = "fastrlock-0.8.2-cp39-cp39-manylinux_2_5_x86_64.manylinux1_x86_64.manylinux_2_28_x86_64.whl", hash = "sha256:99dd6652bd6f730beadf74ef769d38c6bbd8ee6d1c15c8d138ea680b0594387f"},
    {file = "fastrlock-0.8.2-cp39-cp39-manylinux_2_5_x86_64.manylinux1_x86_64.whl", hash = "sha256:4d63b6596368dab9e0cc66bf047e7182a56f33b34db141816a4f21f5bf958228"},
    {file = "fastrlock-0.8.2-cp39-cp39-musllinux_1_1_aarch64.whl", hash = "sha256:ff75c90663d6e8996610d435e71487daa853871ad1770dd83dc0f2fc4997241e"},
    {file = "fastrlock-0.8.2-cp39-cp39-musllinux_1_1_x86_64.whl", hash = "sha256:e27c3cd27fbd25e5223c5c992b300cd4ee8f0a75c6f222ce65838138d853712c"},
    {file = "fastrlock-0.8.2-cp39-cp39-win_amd64.whl", hash = "sha256:dd961a32a7182c3891cdebca417fda67496d5d5de6ae636962254d22723bdf52"},
    {file = "fastrlock-0.8.2.tar.gz", hash = "sha256:644ec9215cf9c4df8028d8511379a15d9c1af3e16d80e47f1b6fdc6ba118356a"},
]

[[package]]
name = "numpy"
version = "1.26.3"
description = "Fundamental package for array computing in Python"
optional = false
python-versions = ">=3.9"
files = [
    {file = "numpy-1.26.3-cp310-cp310-macosx_10_9_x86_64.whl", hash = "sha256:806dd64230dbbfaca8a27faa64e2f414bf1c6622ab78cc4264f7f5f028fee3bf"},
    {file = "numpy-1.26.3-cp310-cp310-macosx_11_0_arm64.whl", hash = "sha256:02f98011ba4ab17f46f80f7f8f1c291ee7d855fcef0a5a98db80767a468c85cd"},
    {file = "numpy-1.26.3-cp310-cp310-manylinux_2_17_aarch64.manylinux2014_aarch64.whl", hash = "sha256:6d45b3ec2faed4baca41c76617fcdcfa4f684ff7a151ce6fc78ad3b6e85af0a6"},
    {file = "numpy-1.26.3-cp310-cp310-manylinux_2_17_x86_64.manylinux2014_x86_64.whl", hash = "sha256:bdd2b45bf079d9ad90377048e2747a0c82351989a2165821f0c96831b4a2a54b"},
    {file = "numpy-1.26.3-cp310-cp310-musllinux_1_1_aarch64.whl", hash = "sha256:211ddd1e94817ed2d175b60b6374120244a4dd2287f4ece45d49228b4d529178"},
    {file = "numpy-1.26.3-cp310-cp310-musllinux_1_1_x86_64.whl", hash = "sha256:b1240f767f69d7c4c8a29adde2310b871153df9b26b5cb2b54a561ac85146485"},
    {file = "numpy-1.26.3-cp310-cp310-win32.whl", hash = "sha256:21a9484e75ad018974a2fdaa216524d64ed4212e418e0a551a2d83403b0531d3"},
    {file = "numpy-1.26.3-cp310-cp310-win_amd64.whl", hash = "sha256:9e1591f6ae98bcfac2a4bbf9221c0b92ab49762228f38287f6eeb5f3f55905ce"},
    {file = "numpy-1.26.3-cp311-cp311-macosx_10_9_x86_64.whl", hash = "sha256:b831295e5472954104ecb46cd98c08b98b49c69fdb7040483aff799a755a7374"},
    {file = "numpy-1.26.3-cp311-cp311-macosx_11_0_arm64.whl", hash = "sha256:9e87562b91f68dd8b1c39149d0323b42e0082db7ddb8e934ab4c292094d575d6"},
    {file = "numpy-1.26.3-cp311-cp311-manylinux_2_17_aarch64.manylinux2014_aarch64.whl", hash = "sha256:8c66d6fec467e8c0f975818c1796d25c53521124b7cfb760114be0abad53a0a2"},
    {file = "numpy-1.26.3-cp311-cp311-manylinux_2_17_x86_64.manylinux2014_x86_64.whl", hash = "sha256:f25e2811a9c932e43943a2615e65fc487a0b6b49218899e62e426e7f0a57eeda"},
    {file = "numpy-1.26.3-cp311-cp311-musllinux_1_1_aarch64.whl", hash = "sha256:af36e0aa45e25c9f57bf684b1175e59ea05d9a7d3e8e87b7ae1a1da246f2767e"},
    {file = "numpy-1.26.3-cp311-cp311-musllinux_1_1_x86_64.whl", hash = "sha256:51c7f1b344f302067b02e0f5b5d2daa9ed4a721cf49f070280ac202738ea7f00"},
    {file = "numpy-1.26.3-cp311-cp311-win32.whl", hash = "sha256:7ca4f24341df071877849eb2034948459ce3a07915c2734f1abb4018d9c49d7b"},
    {file = "numpy-1.26.3-cp311-cp311-win_amd64.whl", hash = "sha256:39763aee6dfdd4878032361b30b2b12593fb445ddb66bbac802e2113eb8a6ac4"},
    {file = "numpy-1.26.3-cp312-cp312-macosx_10_9_x86_64.whl", hash = "sha256:a7081fd19a6d573e1a05e600c82a1c421011db7935ed0d5c483e9dd96b99cf13"},
    {file = "numpy-1.26.3-cp312-cp312-macosx_11_0_arm64.whl", hash = "sha256:12c70ac274b32bc00c7f61b515126c9205323703abb99cd41836e8125ea0043e"},
    {file = "numpy-1.26.3-cp312-cp312-manylinux_2_17_aarch64.manylinux2014_aarch64.whl", hash = "sha256:7f784e13e598e9594750b2ef6729bcd5a47f6cfe4a12cca13def35e06d8163e3"},
    {file = "numpy-1.26.3-cp312-cp312-manylinux_2_17_x86_64.manylinux2014_x86_64.whl", hash = "sha256:5f24750ef94d56ce6e33e4019a8a4d68cfdb1ef661a52cdaee628a56d2437419"},
    {file = "numpy-1.26.3-cp312-cp312-musllinux_1_1_aarch64.whl", hash = "sha256:77810ef29e0fb1d289d225cabb9ee6cf4d11978a00bb99f7f8ec2132a84e0166"},
    {file = "numpy-1.26.3-cp312-cp312-musllinux_1_1_x86_64.whl", hash = "sha256:8ed07a90f5450d99dad60d3799f9c03c6566709bd53b497eb9ccad9a55867f36"},
    {file = "numpy-1.26.3-cp312-cp312-win32.whl", hash = "sha256:f73497e8c38295aaa4741bdfa4fda1a5aedda5473074369eca10626835445511"},
    {file = "numpy-1.26.3-cp312-cp312-win_amd64.whl", hash = "sha256:da4b0c6c699a0ad73c810736303f7fbae483bcb012e38d7eb06a5e3b432c981b"},
    {file = "numpy-1.26.3-cp39-cp39-macosx_10_9_x86_64.whl", hash = "sha256:1666f634cb3c80ccbd77ec97bc17337718f56d6658acf5d3b906ca03e90ce87f"},
    {file = "numpy-1.26.3-cp39-cp39-macosx_11_0_arm64.whl", hash = "sha256:18c3319a7d39b2c6a9e3bb75aab2304ab79a811ac0168a671a62e6346c29b03f"},
    {file = "numpy-1.26.3-cp39-cp39-manylinux_2_17_aarch64.manylinux2014_aarch64.whl", hash = "sha256:0b7e807d6888da0db6e7e75838444d62495e2b588b99e90dd80c3459594e857b"},
    {file = "numpy-1.26.3-cp39-cp39-manylinux_2_17_x86_64.manylinux2014_x86_64.whl", hash = "sha256:b4d362e17bcb0011738c2d83e0a65ea8ce627057b2fdda37678f4374a382a137"},
    {file = "numpy-1.26.3-cp39-cp39-musllinux_1_1_aarch64.whl", hash = "sha256:b8c275f0ae90069496068c714387b4a0eba5d531aace269559ff2b43655edd58"},
    {file = "numpy-1.26.3-cp39-cp39-musllinux_1_1_x86_64.whl", hash = "sha256:cc0743f0302b94f397a4a65a660d4cd24267439eb16493fb3caad2e4389bccbb"},
    {file = "numpy-1.26.3-cp39-cp39-win32.whl", hash = "sha256:9bc6d1a7f8cedd519c4b7b1156d98e051b726bf160715b769106661d567b3f03"},
    {file = "numpy-1.26.3-cp39-cp39-win_amd64.whl", hash = "sha256:867e3644e208c8922a3be26fc6bbf112a035f50f0a86497f98f228c50c607bb2"},
    {file = "numpy-1.26.3-pp39-pypy39_pp73-macosx_10_9_x86_64.whl", hash = "sha256:3c67423b3703f8fbd90f5adaa37f85b5794d3366948efe9a5190a5f3a83fc34e"},
    {file = "numpy-1.26.3-pp39-pypy39_pp73-manylinux_2_17_x86_64.manylinux2014_x86_64.whl", hash = "sha256:46f47ee566d98849323f01b349d58f2557f02167ee301e5e28809a8c0e27a2d0"},
    {file = "numpy-1.26.3-pp39-pypy39_pp73-win_amd64.whl", hash = "sha256:a8474703bffc65ca15853d5fd4d06b18138ae90c17c8d12169968e998e448bb5"},
    {file = "numpy-1.26.3.tar.gz", hash = "sha256:697df43e2b6310ecc9d95f05d5ef20eacc09c7c4ecc9da3f235d39e71b7da1e4"},
]

[metadata]
lock-version = "2.0"
python-versions = "^3.10"
content-hash = "e6e0df84146d4ca8ddd866c383bb5705d2c70b3ed5e537492b9172d3f8abbfc2"
